<?xml version="1.0" encoding="utf-8"?>
<Project ToolsVersion="4.0" xmlns="http://schemas.microsoft.com/developer/msbuild/2003">
  <ItemGroup>
    <Filter Include="Source Files">
      <UniqueIdentifier>{4FC737F1-C7A5-4376-A066-2A32D752A2FF}</UniqueIdentifier>
      <Extensions>cpp;c;cc;cxx;c++;cppm;ixx;def;odl;idl;hpj;bat;asm;asmx</Extensions>
    </Filter>
    <Filter Include="Resource Files">
      <UniqueIdentifier>{67DA6AB6-F800-4c08-8B7A-83BB121AAD01}</UniqueIdentifier>
      <Extensions>rc;ico;cur;bmp;dlg;rc2;rct;bin;rgs;gif;jpg;jpeg;jpe;resx;tiff;tif;png;wav;mfcribbon-ms</Extensions>
    </Filter>
    <Filter Include="glfw">
      <UniqueIdentifier>{7498e892-24f5-46fa-88c5-209b5dc4c497}</UniqueIdentifier>
    </Filter>
    <Filter Include="shaders">
      <UniqueIdentifier>{5e7d1038-9471-42e4-8c9e-b0d897ace335}</UniqueIdentifier>
    </Filter>
    <Filter Include="volk">
      <UniqueIdentifier>{e4e0cff1-4f09-4f6f-b7f3-44d0e164ccfa}</UniqueIdentifier>
    </Filter>
    <Filter Include="meshoptimizer">
      <UniqueIdentifier>{e6deeb65-d81d-45df-9c2d-8a66ce11c7f8}</UniqueIdentifier>
    </Filter>
  </ItemGroup>
  <ItemGroup>
    <ClCompile Include="main.cpp">
      <Filter>Source Files</Filter>
    </ClCompile>
    <ClCompile Include="..\extern\volk\volk.c">
      <Filter>volk</Filter>
    </ClCompile>
    <ClCompile Include="..\extern\glfw\glfw-3.4\src\context.c">
      <Filter>glfw</Filter>
    </ClCompile>
    <ClCompile Include="..\extern\glfw\glfw-3.4\src\egl_context.c">
      <Filter>glfw</Filter>
    </ClCompile>
    <ClCompile Include="..\extern\glfw\glfw-3.4\src\vulkan.c">
      <Filter>glfw</Filter>
    </ClCompile>
    <ClCompile Include="..\extern\glfw\glfw-3.4\src\win32_init.c">
      <Filter>glfw</Filter>
    </ClCompile>
    <ClCompile Include="..\extern\glfw\glfw-3.4\src\win32_joystick.c">
      <Filter>glfw</Filter>
    </ClCompile>
    <ClCompile Include="..\extern\glfw\glfw-3.4\src\win32_module.c">
      <Filter>glfw</Filter>
    </ClCompile>
    <ClCompile Include="..\extern\glfw\glfw-3.4\src\win32_monitor.c">
      <Filter>glfw</Filter>
    </ClCompile>
    <ClCompile Include="..\extern\glfw\glfw-3.4\src\win32_thread.c">
      <Filter>glfw</Filter>
    </ClCompile>
    <ClCompile Include="..\extern\glfw\glfw-3.4\src\win32_time.c">
      <Filter>glfw</Filter>
    </ClCompile>
    <ClCompile Include="..\extern\glfw\glfw-3.4\src\win32_window.c">
      <Filter>glfw</Filter>
    </ClCompile>
    <ClCompile Include="..\extern\glfw\glfw-3.4\src\window.c">
      <Filter>glfw</Filter>
    </ClCompile>
    <ClCompile Include="..\extern\glfw\glfw-3.4\src\monitor.c">
      <Filter>glfw</Filter>
    </ClCompile>
    <ClCompile Include="..\extern\glfw\glfw-3.4\src\input.c">
      <Filter>glfw</Filter>
    </ClCompile>
    <ClCompile Include="..\extern\glfw\glfw-3.4\src\init.c">
      <Filter>glfw</Filter>
    </ClCompile>
    <ClCompile Include="..\extern\glfw\glfw-3.4\src\osmesa_context.c">
      <Filter>glfw</Filter>
    </ClCompile>
    <ClCompile Include="..\extern\glfw\glfw-3.4\src\wgl_context.c">
      <Filter>glfw</Filter>
    </ClCompile>
    <ClCompile Include="..\extern\glfw\glfw-3.4\src\platform.c">
      <Filter>glfw</Filter>
    </ClCompile>
    <ClCompile Include="..\extern\glfw\glfw-3.4\src\null_init.c">
      <Filter>glfw</Filter>
    </ClCompile>
    <ClCompile Include="..\extern\glfw\glfw-3.4\src\null_joystick.c">
      <Filter>glfw</Filter>
    </ClCompile>
    <ClCompile Include="..\extern\glfw\glfw-3.4\src\null_monitor.c">
      <Filter>glfw</Filter>
    </ClCompile>
    <ClCompile Include="..\extern\glfw\glfw-3.4\src\null_window.c">
      <Filter>glfw</Filter>
    </ClCompile>
    <ClCompile Include="..\extern\meshoptimizer\src\allocator.cpp">
      <Filter>meshoptimizer</Filter>
    </ClCompile>
    <ClCompile Include="..\extern\meshoptimizer\src\clusterizer.cpp">
      <Filter>meshoptimizer</Filter>
    </ClCompile>
    <ClCompile Include="..\extern\meshoptimizer\src\indexanalyzer.cpp">
      <Filter>meshoptimizer</Filter>
    </ClCompile>
    <ClCompile Include="..\extern\meshoptimizer\src\indexcodec.cpp">
      <Filter>meshoptimizer</Filter>
    </ClCompile>
    <ClCompile Include="..\extern\meshoptimizer\src\indexgenerator.cpp">
      <Filter>meshoptimizer</Filter>
    </ClCompile>
    <ClCompile Include="..\extern\meshoptimizer\src\overdrawoptimizer.cpp">
      <Filter>meshoptimizer</Filter>
    </ClCompile>
    <ClCompile Include="..\extern\meshoptimizer\src\partition.cpp">
      <Filter>meshoptimizer</Filter>
    </ClCompile>
    <ClCompile Include="..\extern\meshoptimizer\src\quantization.cpp">
      <Filter>meshoptimizer</Filter>
    </ClCompile>
    <ClCompile Include="..\extern\meshoptimizer\src\rasterizer.cpp">
      <Filter>meshoptimizer</Filter>
    </ClCompile>
    <ClCompile Include="..\extern\meshoptimizer\src\simplifier.cpp">
      <Filter>meshoptimizer</Filter>
    </ClCompile>
    <ClCompile Include="..\extern\meshoptimizer\src\spatialorder.cpp">
      <Filter>meshoptimizer</Filter>
    </ClCompile>
    <ClCompile Include="..\extern\meshoptimizer\src\stripifier.cpp">
      <Filter>meshoptimizer</Filter>
    </ClCompile>
    <ClCompile Include="..\extern\meshoptimizer\src\vcacheoptimizer.cpp">
      <Filter>meshoptimizer</Filter>
    </ClCompile>
    <ClCompile Include="..\extern\meshoptimizer\src\vertexcodec.cpp">
      <Filter>meshoptimizer</Filter>
    </ClCompile>
    <ClCompile Include="..\extern\meshoptimizer\src\vertexfilter.cpp">
      <Filter>meshoptimizer</Filter>
    </ClCompile>
    <ClCompile Include="..\extern\meshoptimizer\src\vfetchoptimizer.cpp">
      <Filter>meshoptimizer</Filter>
    </ClCompile>
    <ClCompile Include="..\extern\meshoptimizer\tools\objloader.cpp">
      <Filter>meshoptimizer</Filter>
    </ClCompile>
  </ItemGroup>
  <ItemGroup>
    <ClInclude Include="..\extern\glfw\glfw-3.4\src\win32_joystick.h">
      <Filter>glfw</Filter>
    </ClInclude>
    <ClInclude Include="..\extern\glfw\glfw-3.4\src\win32_platform.h">
      <Filter>glfw</Filter>
    </ClInclude>
    <ClInclude Include="..\extern\glfw\glfw-3.4\src\win32_thread.h">
      <Filter>glfw</Filter>
    </ClInclude>
    <ClInclude Include="..\extern\glfw\glfw-3.4\src\win32_time.h">
      <Filter>glfw</Filter>
    </ClInclude>
    <ClInclude Include="..\extern\glfw\glfw-3.4\src\platform.h">
      <Filter>glfw</Filter>
    </ClInclude>
    <ClInclude Include="..\extern\glfw\glfw-3.4\src\null_joystick.h">
      <Filter>glfw</Filter>
    </ClInclude>
    <ClInclude Include="..\extern\volk\volk.h">
      <Filter>volk</Filter>
    </ClInclude>
    <ClInclude Include="..\extern\glfw\glfw-3.4\src\null_platform.h">
      <Filter>glfw</Filter>
    </ClInclude>
    <ClInclude Include="..\extern\meshoptimizer\src\meshoptimizer.h">
      <Filter>meshoptimizer</Filter>
    </ClInclude>
  </ItemGroup>
  <ItemGroup>
    <CustomBuild Include="Shaders\mesh.vert.glsl">
      <Filter>shaders</Filter>
    </CustomBuild>
    <CustomBuild Include="Shaders\mesh.frag.glsl" />
  </ItemGroup>
</Project>